
Microsoft Visual Studio Solution File, Format Version 12.00
# Visual Studio Version 16
VisualStudioVersion = 16.0.30413.136
MinimumVisualStudioVersion = 10.0.40219.1
Project("{FAE04EC0-301F-11D3-BF4B-00C04F79EFBC}") = "RouletteApi", "RouletteApi\RouletteApi.csproj", "{EC028BB4-3744-4E9F-9BCA-638B02B86833}"
EndProject
Project("{2150E333-8FDC-42A3-9474-1A3956D46DE8}") = "Presentation", "Presentation", "{81F65900-7471-4D2A-8E82-F467AD132F63}"
EndProject
Project("{2150E333-8FDC-42A3-9474-1A3956D46DE8}") = "Application", "Application", "{43316E0B-7037-42C6-B6FD-E525F5C834BB}"
EndProject
Project("{2150E333-8FDC-42A3-9474-1A3956D46DE8}") = "Domain", "Domain", "{B273F78F-4211-4D98-A0C7-CA77BBA8D815}"
EndProject
Project("{2150E333-8FDC-42A3-9474-1A3956D46DE8}") = "Repository", "Repository", "{FC1B7277-B8FF-4478-BC03-AE06688CF5F8}"
EndProject
Project("{FAE04EC0-301F-11D3-BF4B-00C04F79EFBC}") = "Roulette.Application.Mappers", "Roulette.Application.Mappers\Roulette.Application.Mappers.csproj", "{9CFC5353-2216-4344-B1B7-859111D6DCB6}"
EndProject
Project("{FAE04EC0-301F-11D3-BF4B-00C04F79EFBC}") = "Roulette.Application.DTO", "Roulette.Application.DTO\Roulette.Application.DTO.csproj", "{7BE7A495-5E4D-4F56-B6BC-C7B8264C913D}"
EndProject
Project("{FAE04EC0-301F-11D3-BF4B-00C04F79EFBC}") = "Roulette.Domain.Models", "Roulette.Domain.Models\Roulette.Domain.Models.csproj", "{A6B88774-4BB5-45A6-A1EF-CFE6EF78AC1C}"
EndProject
Global
	GlobalSection(SolutionConfigurationPlatforms) = preSolution
		Debug|Any CPU = Debug|Any CPU
		Release|Any CPU = Release|Any CPU
	EndGlobalSection
	GlobalSection(ProjectConfigurationPlatforms) = postSolution
		{EC028BB4-3744-4E9F-9BCA-638B02B86833}.Debug|Any CPU.ActiveCfg = Debug|Any CPU
		{EC028BB4-3744-4E9F-9BCA-638B02B86833}.Debug|Any CPU.Build.0 = Debug|Any CPU
		{EC028BB4-3744-4E9F-9BCA-638B02B86833}.Release|Any CPU.ActiveCfg = Release|Any CPU
		{EC028BB4-3744-4E9F-9BCA-638B02B86833}.Release|Any CPU.Build.0 = Release|Any CPU
		{9CFC5353-2216-4344-B1B7-859111D6DCB6}.Debug|Any CPU.ActiveCfg = Debug|Any CPU
		{9CFC5353-2216-4344-B1B7-859111D6DCB6}.Debug|Any CPU.Build.0 = Debug|Any CPU
		{9CFC5353-2216-4344-B1B7-859111D6DCB6}.Release|Any CPU.ActiveCfg = Release|Any CPU
		{9CFC5353-2216-4344-B1B7-859111D6DCB6}.Release|Any CPU.Build.0 = Release|Any CPU
		{7BE7A495-5E4D-4F56-B6BC-C7B8264C913D}.Debug|Any CPU.ActiveCfg = Debug|Any CPU
		{7BE7A495-5E4D-4F56-B6BC-C7B8264C913D}.Debug|Any CPU.Build.0 = Debug|Any CPU
		{7BE7A495-5E4D-4F56-B6BC-C7B8264C913D}.Release|Any CPU.ActiveCfg = Release|Any CPU
		{7BE7A495-5E4D-4F56-B6BC-C7B8264C913D}.Release|Any CPU.Build.0 = Release|Any CPU
		{A6B88774-4BB5-45A6-A1EF-CFE6EF78AC1C}.Debug|Any CPU.ActiveCfg = Debug|Any CPU
		{A6B88774-4BB5-45A6-A1EF-CFE6EF78AC1C}.Debug|Any CPU.Build.0 = Debug|Any CPU
		{A6B88774-4BB5-45A6-A1EF-CFE6EF78AC1C}.Release|Any CPU.ActiveCfg = Release|Any CPU
		{A6B88774-4BB5-45A6-A1EF-CFE6EF78AC1C}.Release|Any CPU.Build.0 = Release|Any CPU
	EndGlobalSection
	GlobalSection(SolutionProperties) = preSolution
		HideSolutionNode = FALSE
	EndGlobalSection
	GlobalSection(NestedProjects) = preSolution
		{EC028BB4-3744-4E9F-9BCA-638B02B86833} = {81F65900-7471-4D2A-8E82-F467AD132F63}
		{9CFC5353-2216-4344-B1B7-859111D6DCB6} = {43316E0B-7037-42C6-B6FD-E525F5C834BB}
		{7BE7A495-5E4D-4F56-B6BC-C7B8264C913D} = {43316E0B-7037-42C6-B6FD-E525F5C834BB}
		{A6B88774-4BB5-45A6-A1EF-CFE6EF78AC1C} = {B273F78F-4211-4D98-A0C7-CA77BBA8D815}
	EndGlobalSection
	GlobalSection(ExtensibilityGlobals) = postSolution
		SolutionGuid = {8A3BD292-C54E-4D10-AFE3-4596227631F5}
	EndGlobalSection
EndGlobal
